// !$*UTF8*$!
{
	archiveVersion = 1;
	classes = {
	};
	objectVersion = 56;
	objects = {

/* Begin PBXBuildFile section */
		A10001 /* CodeStationApp.swift in Sources */ = {isa = PBXBuildFile; fileRef = B10001 /* CodeStationApp.swift */; };
		A10002 /* ContentView.swift in Sources */ = {isa = PBXBuildFile; fileRef = B10002 /* ContentView.swift */; };
		A10003 /* TerminalSessionView.swift in Sources */ = {isa = PBXBuildFile; fileRef = B10003 /* TerminalSessionView.swift */; };
		A10004 /* TerminalHeaderView.swift in Sources */ = {isa = PBXBuildFile; fileRef = B10004 /* TerminalHeaderView.swift */; };
		A10005 /* TerminalContainerView.swift in Sources */ = {isa = PBXBuildFile; fileRef = B10005 /* TerminalContainerView.swift */; };
		A10006 /* TerminalGridView.swift in Sources */ = {isa = PBXBuildFile; fileRef = B10006 /* TerminalGridView.swift */; };
		A10007 /* EmptyCellView.swift in Sources */ = {isa = PBXBuildFile; fileRef = B10007 /* EmptyCellView.swift */; };
		A10008 /* TerminalSession.swift in Sources */ = {isa = PBXBuildFile; fileRef = B10008 /* TerminalSession.swift */; };
		A10010 /* SessionStatus.swift in Sources */ = {isa = PBXBuildFile; fileRef = B10010 /* SessionStatus.swift */; };
		A10011 /* ShellUtils.swift in Sources */ = {isa = PBXBuildFile; fileRef = B10011 /* ShellUtils.swift */; };
		A10012 /* Assets.xcassets in Resources */ = {isa = PBXBuildFile; fileRef = B10012 /* Assets.xcassets */; };
		A10013 /* HookManager.swift in Sources */ = {isa = PBXBuildFile; fileRef = B10013 /* HookManager.swift */; };
		A10014 /* PersistenceModels.swift in Sources */ = {isa = PBXBuildFile; fileRef = B10014 /* PersistenceModels.swift */; };
		A10015 /* Environment.swift in Sources */ = {isa = PBXBuildFile; fileRef = B10015 /* Environment.swift */; };
		A10017 /* BoardView.swift in Sources */ = {isa = PBXBuildFile; fileRef = B10017 /* BoardView.swift */; };
		A10018 /* SidebarView.swift in Sources */ = {isa = PBXBuildFile; fileRef = B10018 /* SidebarView.swift */; };
		A10019 /* SidebarRowView.swift in Sources */ = {isa = PBXBuildFile; fileRef = B10019 /* SidebarRowView.swift */; };
		A10020 /* SwiftTerm in Frameworks */ = {isa = PBXBuildFile; productRef = D10001 /* SwiftTerm */; };
		A10021 /* Strings.swift in Sources */ = {isa = PBXBuildFile; fileRef = B10021 /* Strings.swift */; };
		A10030 /* PersistenceService.swift in Sources */ = {isa = PBXBuildFile; fileRef = B10030 /* PersistenceService.swift */; };
		A10031 /* AppViewModel.swift in Sources */ = {isa = PBXBuildFile; fileRef = B10031 /* AppViewModel.swift */; };
		A10032 /* BoardViewModel.swift in Sources */ = {isa = PBXBuildFile; fileRef = B10032 /* BoardViewModel.swift */; };
		A10033 /* TerminalSessionViewModel.swift in Sources */ = {isa = PBXBuildFile; fileRef = B10033 /* TerminalSessionViewModel.swift */; };
		A10034 /* NotificationSettings.swift in Sources */ = {isa = PBXBuildFile; fileRef = B10034 /* NotificationSettings.swift */; };
		A10035 /* NotificationService.swift in Sources */ = {isa = PBXBuildFile; fileRef = B10035 /* NotificationService.swift */; };
		A10036 /* SettingsPopoverView.swift in Sources */ = {isa = PBXBuildFile; fileRef = B10036 /* SettingsPopoverView.swift */; };
		A10037 /* PromptButton.swift in Sources */ = {isa = PBXBuildFile; fileRef = B10037 /* PromptButton.swift */; };
		A10038 /* SettingsWindowController.swift in Sources */ = {isa = PBXBuildFile; fileRef = B10038 /* SettingsWindowController.swift */; };
		A20001 /* EmptyCellViewSnapshotTests.swift in Sources */ = {isa = PBXBuildFile; fileRef = B20001 /* EmptyCellViewSnapshotTests.swift */; };
		A20002 /* SidebarRowViewSnapshotTests.swift in Sources */ = {isa = PBXBuildFile; fileRef = B20002 /* SidebarRowViewSnapshotTests.swift */; };
		A20003 /* SidebarViewSnapshotTests.swift in Sources */ = {isa = PBXBuildFile; fileRef = B20003 /* SidebarViewSnapshotTests.swift */; };
		A20004 /* BoardViewSnapshotTests.swift in Sources */ = {isa = PBXBuildFile; fileRef = B20004 /* BoardViewSnapshotTests.swift */; };
		A20005 /* TerminalHeaderViewSnapshotTests.swift in Sources */ = {isa = PBXBuildFile; fileRef = B20005 /* TerminalHeaderViewSnapshotTests.swift */; };
		A20006 /* SettingsWindowViewSnapshotTests.swift in Sources */ = {isa = PBXBuildFile; fileRef = B20006 /* SettingsWindowViewSnapshotTests.swift */; };
		A20007 /* SnapshotTesting in Frameworks */ = {isa = PBXBuildFile; productRef = D20001 /* SnapshotTesting */; };
		AT0001 /* SessionStatusTests.swift in Sources */ = {isa = PBXBuildFile; fileRef = BT0001 /* SessionStatusTests.swift */; };
		AT0002 /* TerminalSessionTests.swift in Sources */ = {isa = PBXBuildFile; fileRef = BT0002 /* TerminalSessionTests.swift */; };
		AT0003 /* EnvironmentTests.swift in Sources */ = {isa = PBXBuildFile; fileRef = BT0003 /* EnvironmentTests.swift */; };
		AT0004 /* NotificationSettingsTests.swift in Sources */ = {isa = PBXBuildFile; fileRef = BT0004 /* NotificationSettingsTests.swift */; };
		AT0005 /* PromptButtonTests.swift in Sources */ = {isa = PBXBuildFile; fileRef = BT0005 /* PromptButtonTests.swift */; };
		AT0006 /* PersistenceModelsTests.swift in Sources */ = {isa = PBXBuildFile; fileRef = BT0006 /* PersistenceModelsTests.swift */; };
		AT0007 /* PersistenceServiceTests.swift in Sources */ = {isa = PBXBuildFile; fileRef = BT0007 /* PersistenceServiceTests.swift */; };
		AT0008 /* ShellUtilsTests.swift in Sources */ = {isa = PBXBuildFile; fileRef = BT0008 /* ShellUtilsTests.swift */; };
		AT0009 /* HookManagerTests.swift in Sources */ = {isa = PBXBuildFile; fileRef = BT0009 /* HookManagerTests.swift */; };
		AT0010 /* StringsTests.swift in Sources */ = {isa = PBXBuildFile; fileRef = BT0010 /* StringsTests.swift */; };
		AT0011 /* BoardViewModelTests.swift in Sources */ = {isa = PBXBuildFile; fileRef = BT0011 /* BoardViewModelTests.swift */; };
		AT0012 /* TerminalSessionViewModelTests.swift in Sources */ = {isa = PBXBuildFile; fileRef = BT0012 /* TerminalSessionViewModelTests.swift */; };
		AT0013 /* AppViewModelTests.swift in Sources */ = {isa = PBXBuildFile; fileRef = BT0013 /* AppViewModelTests.swift */; };
		AT0014 /* SettingsWindowControllerTests.swift in Sources */ = {isa = PBXBuildFile; fileRef = BT0014 /* SettingsWindowControllerTests.swift */; };
		AT0015 /* NotificationServiceTests.swift in Sources */ = {isa = PBXBuildFile; fileRef = BT0015 /* NotificationServiceTests.swift */; };
		AT0016 /* NotificationDelegateTests.swift in Sources */ = {isa = PBXBuildFile; fileRef = BT0016 /* NotificationDelegateTests.swift */; };
/* End PBXBuildFile section */

/* Begin PBXContainerItemProxy section */
		PROXY20001 /* PBXContainerItemProxy */ = {
			isa = PBXContainerItemProxy;
			containerPortal = P10001 /* Project object */;
			proxyType = 1;
			remoteGlobalIDString = T10001;
			remoteInfo = CodeStation;
		};
/* End PBXContainerItemProxy section */

/* Begin PBXFileReference section */
		6B58B7472F5A6CB800852BA5 /* CodeStation.xctestplan */ = {isa = PBXFileReference; lastKnownFileType = text; path = CodeStation.xctestplan; sourceTree = "<group>"; };
		B10001 /* CodeStationApp.swift */ = {isa = PBXFileReference; lastKnownFileType = sourcecode.swift; path = CodeStationApp.swift; sourceTree = "<group>"; };
		B10002 /* ContentView.swift */ = {isa = PBXFileReference; lastKnownFileType = sourcecode.swift; path = ContentView.swift; sourceTree = "<group>"; };
		B10003 /* TerminalSessionView.swift */ = {isa = PBXFileReference; lastKnownFileType = sourcecode.swift; path = TerminalSessionView.swift; sourceTree = "<group>"; };
		B10004 /* TerminalHeaderView.swift */ = {isa = PBXFileReference; lastKnownFileType = sourcecode.swift; path = TerminalHeaderView.swift; sourceTree = "<group>"; };
		B10005 /* TerminalContainerView.swift */ = {isa = PBXFileReference; lastKnownFileType = sourcecode.swift; path = TerminalContainerView.swift; sourceTree = "<group>"; };
		B10006 /* TerminalGridView.swift */ = {isa = PBXFileReference; lastKnownFileType = sourcecode.swift; path = TerminalGridView.swift; sourceTree = "<group>"; };
		B10007 /* EmptyCellView.swift */ = {isa = PBXFileReference; lastKnownFileType = sourcecode.swift; path = EmptyCellView.swift; sourceTree = "<group>"; };
		B10008 /* TerminalSession.swift */ = {isa = PBXFileReference; lastKnownFileType = sourcecode.swift; path = TerminalSession.swift; sourceTree = "<group>"; };
		B10010 /* SessionStatus.swift */ = {isa = PBXFileReference; lastKnownFileType = sourcecode.swift; path = SessionStatus.swift; sourceTree = "<group>"; };
		B10011 /* ShellUtils.swift */ = {isa = PBXFileReference; lastKnownFileType = sourcecode.swift; path = ShellUtils.swift; sourceTree = "<group>"; };
		B10012 /* Assets.xcassets */ = {isa = PBXFileReference; lastKnownFileType = folder.assetcatalog; path = Assets.xcassets; sourceTree = "<group>"; };
		B10013 /* HookManager.swift */ = {isa = PBXFileReference; lastKnownFileType = sourcecode.swift; path = HookManager.swift; sourceTree = "<group>"; };
		B10014 /* PersistenceModels.swift */ = {isa = PBXFileReference; lastKnownFileType = sourcecode.swift; path = PersistenceModels.swift; sourceTree = "<group>"; };
		B10015 /* Environment.swift */ = {isa = PBXFileReference; lastKnownFileType = sourcecode.swift; path = Environment.swift; sourceTree = "<group>"; };
		B10017 /* BoardView.swift */ = {isa = PBXFileReference; lastKnownFileType = sourcecode.swift; path = BoardView.swift; sourceTree = "<group>"; };
		B10018 /* SidebarView.swift */ = {isa = PBXFileReference; lastKnownFileType = sourcecode.swift; path = SidebarView.swift; sourceTree = "<group>"; };
		B10019 /* SidebarRowView.swift */ = {isa = PBXFileReference; lastKnownFileType = sourcecode.swift; path = SidebarRowView.swift; sourceTree = "<group>"; };
		B10021 /* Strings.swift */ = {isa = PBXFileReference; lastKnownFileType = sourcecode.swift; path = Strings.swift; sourceTree = "<group>"; };
		B10030 /* PersistenceService.swift */ = {isa = PBXFileReference; lastKnownFileType = sourcecode.swift; path = PersistenceService.swift; sourceTree = "<group>"; };
		B10031 /* AppViewModel.swift */ = {isa = PBXFileReference; lastKnownFileType = sourcecode.swift; path = AppViewModel.swift; sourceTree = "<group>"; };
		B10032 /* BoardViewModel.swift */ = {isa = PBXFileReference; lastKnownFileType = sourcecode.swift; path = BoardViewModel.swift; sourceTree = "<group>"; };
		B10033 /* TerminalSessionViewModel.swift */ = {isa = PBXFileReference; lastKnownFileType = sourcecode.swift; path = TerminalSessionViewModel.swift; sourceTree = "<group>"; };
		B10034 /* NotificationSettings.swift */ = {isa = PBXFileReference; lastKnownFileType = sourcecode.swift; path = NotificationSettings.swift; sourceTree = "<group>"; };
		B10035 /* NotificationService.swift */ = {isa = PBXFileReference; lastKnownFileType = sourcecode.swift; path = NotificationService.swift; sourceTree = "<group>"; };
		B10036 /* SettingsPopoverView.swift */ = {isa = PBXFileReference; lastKnownFileType = sourcecode.swift; path = SettingsPopoverView.swift; sourceTree = "<group>"; };
		B10037 /* PromptButton.swift */ = {isa = PBXFileReference; lastKnownFileType = sourcecode.swift; path = PromptButton.swift; sourceTree = "<group>"; };
		B10038 /* SettingsWindowController.swift */ = {isa = PBXFileReference; lastKnownFileType = sourcecode.swift; path = SettingsWindowController.swift; sourceTree = "<group>"; };
		B20001 /* EmptyCellViewSnapshotTests.swift */ = {isa = PBXFileReference; lastKnownFileType = sourcecode.swift; path = EmptyCellViewSnapshotTests.swift; sourceTree = "<group>"; };
		B20002 /* SidebarRowViewSnapshotTests.swift */ = {isa = PBXFileReference; lastKnownFileType = sourcecode.swift; path = SidebarRowViewSnapshotTests.swift; sourceTree = "<group>"; };
		B20003 /* SidebarViewSnapshotTests.swift */ = {isa = PBXFileReference; lastKnownFileType = sourcecode.swift; path = SidebarViewSnapshotTests.swift; sourceTree = "<group>"; };
		B20004 /* BoardViewSnapshotTests.swift */ = {isa = PBXFileReference; lastKnownFileType = sourcecode.swift; path = BoardViewSnapshotTests.swift; sourceTree = "<group>"; };
		B20005 /* TerminalHeaderViewSnapshotTests.swift */ = {isa = PBXFileReference; lastKnownFileType = sourcecode.swift; path = TerminalHeaderViewSnapshotTests.swift; sourceTree = "<group>"; };
		B20006 /* SettingsWindowViewSnapshotTests.swift */ = {isa = PBXFileReference; lastKnownFileType = sourcecode.swift; path = SettingsWindowViewSnapshotTests.swift; sourceTree = "<group>"; };
		BT0001 /* SessionStatusTests.swift */ = {isa = PBXFileReference; lastKnownFileType = sourcecode.swift; path = SessionStatusTests.swift; sourceTree = "<group>"; };
		BT0002 /* TerminalSessionTests.swift */ = {isa = PBXFileReference; lastKnownFileType = sourcecode.swift; path = TerminalSessionTests.swift; sourceTree = "<group>"; };
		BT0003 /* EnvironmentTests.swift */ = {isa = PBXFileReference; lastKnownFileType = sourcecode.swift; path = EnvironmentTests.swift; sourceTree = "<group>"; };
		BT0004 /* NotificationSettingsTests.swift */ = {isa = PBXFileReference; lastKnownFileType = sourcecode.swift; path = NotificationSettingsTests.swift; sourceTree = "<group>"; };
		BT0005 /* PromptButtonTests.swift */ = {isa = PBXFileReference; lastKnownFileType = sourcecode.swift; path = PromptButtonTests.swift; sourceTree = "<group>"; };
		BT0006 /* PersistenceModelsTests.swift */ = {isa = PBXFileReference; lastKnownFileType = sourcecode.swift; path = PersistenceModelsTests.swift; sourceTree = "<group>"; };
		BT0007 /* PersistenceServiceTests.swift */ = {isa = PBXFileReference; lastKnownFileType = sourcecode.swift; path = PersistenceServiceTests.swift; sourceTree = "<group>"; };
		BT0008 /* ShellUtilsTests.swift */ = {isa = PBXFileReference; lastKnownFileType = sourcecode.swift; path = ShellUtilsTests.swift; sourceTree = "<group>"; };
		BT0009 /* HookManagerTests.swift */ = {isa = PBXFileReference; lastKnownFileType = sourcecode.swift; path = HookManagerTests.swift; sourceTree = "<group>"; };
		BT0010 /* StringsTests.swift */ = {isa = PBXFileReference; lastKnownFileType = sourcecode.swift; path = StringsTests.swift; sourceTree = "<group>"; };
		BT0011 /* BoardViewModelTests.swift */ = {isa = PBXFileReference; lastKnownFileType = sourcecode.swift; path = BoardViewModelTests.swift; sourceTree = "<group>"; };
		BT0012 /* TerminalSessionViewModelTests.swift */ = {isa = PBXFileReference; lastKnownFileType = sourcecode.swift; path = TerminalSessionViewModelTests.swift; sourceTree = "<group>"; };
		BT0013 /* AppViewModelTests.swift */ = {isa = PBXFileReference; lastKnownFileType = sourcecode.swift; path = AppViewModelTests.swift; sourceTree = "<group>"; };
		BT0014 /* SettingsWindowControllerTests.swift */ = {isa = PBXFileReference; lastKnownFileType = sourcecode.swift; path = SettingsWindowControllerTests.swift; sourceTree = "<group>"; };
		BT0015 /* NotificationServiceTests.swift */ = {isa = PBXFileReference; lastKnownFileType = sourcecode.swift; path = NotificationServiceTests.swift; sourceTree = "<group>"; };
		BT0016 /* NotificationDelegateTests.swift */ = {isa = PBXFileReference; lastKnownFileType = sourcecode.swift; path = NotificationDelegateTests.swift; sourceTree = "<group>"; };
		C10001 /* CodeStation.app */ = {isa = PBXFileReference; explicitFileType = wrapper.application; includeInIndex = 0; path = CodeStation.app; sourceTree = BUILT_PRODUCTS_DIR; };
		C20001 /* CodeStationTests.xctest */ = {isa = PBXFileReference; explicitFileType = wrapper.cfbundle; includeInIndex = 0; path = CodeStationTests.xctest; sourceTree = BUILT_PRODUCTS_DIR; };
/* End PBXFileReference section */

/* Begin PBXFrameworksBuildPhase section */
		E10001 /* Frameworks */ = {
			isa = PBXFrameworksBuildPhase;
			buildActionMask = 2147483647;
			files = (
				A10020 /* SwiftTerm in Frameworks */,
			);
			runOnlyForDeploymentPostprocessing = 0;
		};
		E20001 /* Frameworks */ = {
			isa = PBXFrameworksBuildPhase;
			buildActionMask = 2147483647;
			files = (
				A20007 /* SnapshotTesting in Frameworks */,
			);
			runOnlyForDeploymentPostprocessing = 0;
		};
/* End PBXFrameworksBuildPhase section */

/* Begin PBXGroup section */
		G10001 = {
			isa = PBXGroup;
			children = (
				6B58B7472F5A6CB800852BA5 /* CodeStation.xctestplan */,
				G10002 /* CodeStation */,
				G20001 /* CodeStationTests */,
				G10008 /* Products */,
			);
			sourceTree = "<group>";
		};
		G10002 /* CodeStation */ = {
			isa = PBXGroup;
			children = (
				G10003 /* App */,
				G10004 /* Terminal */,
				G10005 /* Grid */,
				G10006 /* Model */,
				G10011 /* ViewModels */,
				G10012 /* Services */,
				G10010 /* Sidebar */,
				G10007 /* Utilities */,
				G10009 /* Resources */,
			);
			path = CodeStation;
			sourceTree = "<group>";
		};
		G10003 /* App */ = {
			isa = PBXGroup;
			children = (
				B10001 /* CodeStationApp.swift */,
				B10002 /* ContentView.swift */,
				B10017 /* BoardView.swift */,
				B10036 /* SettingsPopoverView.swift */,
			);
			path = App;
			sourceTree = "<group>";
		};
		G10004 /* Terminal */ = {
			isa = PBXGroup;
			children = (
				B10003 /* TerminalSessionView.swift */,
				B10004 /* TerminalHeaderView.swift */,
				B10005 /* TerminalContainerView.swift */,
			);
			path = Terminal;
			sourceTree = "<group>";
		};
		G10005 /* Grid */ = {
			isa = PBXGroup;
			children = (
				B10006 /* TerminalGridView.swift */,
				B10007 /* EmptyCellView.swift */,
			);
			path = Grid;
			sourceTree = "<group>";
		};
		G10006 /* Model */ = {
			isa = PBXGroup;
			children = (
				B10008 /* TerminalSession.swift */,
				B10010 /* SessionStatus.swift */,
				B10014 /* PersistenceModels.swift */,
				B10015 /* Environment.swift */,
				B10034 /* NotificationSettings.swift */,
				B10037 /* PromptButton.swift */,
			);
			path = Model;
			sourceTree = "<group>";
		};
		G10007 /* Utilities */ = {
			isa = PBXGroup;
			children = (
				B10011 /* ShellUtils.swift */,
				B10013 /* HookManager.swift */,
				B10021 /* Strings.swift */,
				B10038 /* SettingsWindowController.swift */,
			);
			path = Utilities;
			sourceTree = "<group>";
		};
		G10008 /* Products */ = {
			isa = PBXGroup;
			children = (
				C10001 /* CodeStation.app */,
				C20001 /* CodeStationTests.xctest */,
			);
			name = Products;
			sourceTree = "<group>";
		};
		G10009 /* Resources */ = {
			isa = PBXGroup;
			children = (
				B10012 /* Assets.xcassets */,
			);
			path = Resources;
			sourceTree = "<group>";
		};
		G10010 /* Sidebar */ = {
			isa = PBXGroup;
			children = (
				B10018 /* SidebarView.swift */,
				B10019 /* SidebarRowView.swift */,
			);
			path = Sidebar;
			sourceTree = "<group>";
		};
		G10011 /* ViewModels */ = {
			isa = PBXGroup;
			children = (
				B10031 /* AppViewModel.swift */,
				B10032 /* BoardViewModel.swift */,
				B10033 /* TerminalSessionViewModel.swift */,
			);
			path = ViewModels;
			sourceTree = "<group>";
		};
		G10012 /* Services */ = {
			isa = PBXGroup;
			children = (
				B10030 /* PersistenceService.swift */,
				B10035 /* NotificationService.swift */,
			);
			path = Services;
			sourceTree = "<group>";
		};
		G20001 /* CodeStationTests */ = {
			isa = PBXGroup;
			children = (
				BT0001 /* SessionStatusTests.swift */,
				BT0002 /* TerminalSessionTests.swift */,
				BT0003 /* EnvironmentTests.swift */,
				BT0004 /* NotificationSettingsTests.swift */,
				BT0005 /* PromptButtonTests.swift */,
				BT0006 /* PersistenceModelsTests.swift */,
				BT0007 /* PersistenceServiceTests.swift */,
				BT0008 /* ShellUtilsTests.swift */,
				BT0009 /* HookManagerTests.swift */,
				BT0010 /* StringsTests.swift */,
				BT0011 /* BoardViewModelTests.swift */,
				BT0012 /* TerminalSessionViewModelTests.swift */,
				BT0013 /* AppViewModelTests.swift */,
				BT0014 /* SettingsWindowControllerTests.swift */,
				BT0015 /* NotificationServiceTests.swift */,
				BT0016 /* NotificationDelegateTests.swift */,
				B20001 /* EmptyCellViewSnapshotTests.swift */,
				B20002 /* SidebarRowViewSnapshotTests.swift */,
				B20003 /* SidebarViewSnapshotTests.swift */,
				B20004 /* BoardViewSnapshotTests.swift */,
				B20005 /* TerminalHeaderViewSnapshotTests.swift */,
				B20006 /* SettingsWindowViewSnapshotTests.swift */,
			);
			path = CodeStationTests;
			sourceTree = "<group>";
		};
/* End PBXGroup section */

/* Begin PBXNativeTarget section */
		T10001 /* CodeStation */ = {
			isa = PBXNativeTarget;
			buildConfigurationList = L10002 /* Build configuration list for PBXNativeTarget "CodeStation" */;
			buildPhases = (
				S10001 /* Sources */,
				E10001 /* Frameworks */,
				R10001 /* Resources */,
			);
			buildRules = (
			);
			dependencies = (
			);
			name = CodeStation;
			packageProductDependencies = (
				D10001 /* SwiftTerm */,
			);
			productName = CodeStation;
			productReference = C10001 /* CodeStation.app */;
			productType = "com.apple.product-type.application";
		};
		T20001 /* CodeStationTests */ = {
			isa = PBXNativeTarget;
			buildConfigurationList = L20001 /* Build configuration list for PBXNativeTarget "CodeStationTests" */;
			buildPhases = (
				S20001 /* Sources */,
				E20001 /* Frameworks */,
			);
			buildRules = (
			);
			dependencies = (
				DEP20001 /* PBXTargetDependency */,
			);
			name = CodeStationTests;
			packageProductDependencies = (
				D20001 /* SnapshotTesting */,
			);
			productName = CodeStationTests;
			productReference = C20001 /* CodeStationTests.xctest */;
			productType = "com.apple.product-type.bundle.unit-test";
		};
/* End PBXNativeTarget section */

/* Begin PBXProject section */
		P10001 /* Project object */ = {
			isa = PBXProject;
			attributes = {
				BuildIndependentTargetsInParallel = 1;
				LastSwiftUpdateCheck = 1500;
				LastUpgradeCheck = 1500;
				TargetAttributes = {
					T10001 = {
						CreatedOnToolsVersion = 15.0;
					};
					T20001 = {
						CreatedOnToolsVersion = 15.0;
						TestTargetID = T10001;
					};
				};
			};
			buildConfigurationList = L10001 /* Build configuration list for PBXProject "CodeStation" */;
			compatibilityVersion = "Xcode 14.0";
			developmentRegion = en;
			hasScannedForEncodings = 0;
			knownRegions = (
				en,
				Base,
			);
			mainGroup = G10001;
			packageReferences = (
				PKG10001 /* XCRemoteSwiftPackageReference "SwiftTerm" */,
				PKG20001 /* XCRemoteSwiftPackageReference "swift-snapshot-testing" */,
			);
			productRefGroup = G10008 /* Products */;
			projectDirPath = "";
			projectRoot = "";
			targets = (
				T10001 /* CodeStation */,
				T20001 /* CodeStationTests */,
			);
		};
/* End PBXProject section */

/* Begin PBXResourcesBuildPhase section */
		R10001 /* Resources */ = {
			isa = PBXResourcesBuildPhase;
			buildActionMask = 2147483647;
			files = (
				A10012 /* Assets.xcassets in Resources */,
			);
			runOnlyForDeploymentPostprocessing = 0;
		};
/* End PBXResourcesBuildPhase section */

/* Begin PBXSourcesBuildPhase section */
		S10001 /* Sources */ = {
			isa = PBXSourcesBuildPhase;
			buildActionMask = 2147483647;
			files = (
				A10001 /* CodeStationApp.swift in Sources */,
				A10002 /* ContentView.swift in Sources */,
				A10003 /* TerminalSessionView.swift in Sources */,
				A10004 /* TerminalHeaderView.swift in Sources */,
				A10005 /* TerminalContainerView.swift in Sources */,
				A10006 /* TerminalGridView.swift in Sources */,
				A10007 /* EmptyCellView.swift in Sources */,
				A10008 /* TerminalSession.swift in Sources */,
				A10010 /* SessionStatus.swift in Sources */,
				A10011 /* ShellUtils.swift in Sources */,
				A10013 /* HookManager.swift in Sources */,
				A10014 /* PersistenceModels.swift in Sources */,
				A10015 /* Environment.swift in Sources */,
				A10017 /* BoardView.swift in Sources */,
				A10018 /* SidebarView.swift in Sources */,
				A10019 /* SidebarRowView.swift in Sources */,
				A10021 /* Strings.swift in Sources */,
				A10030 /* PersistenceService.swift in Sources */,
				A10031 /* AppViewModel.swift in Sources */,
				A10032 /* BoardViewModel.swift in Sources */,
				A10033 /* TerminalSessionViewModel.swift in Sources */,
				A10034 /* NotificationSettings.swift in Sources */,
				A10035 /* NotificationService.swift in Sources */,
				A10036 /* SettingsPopoverView.swift in Sources */,
				A10037 /* PromptButton.swift in Sources */,
				A10038 /* SettingsWindowController.swift in Sources */,
			);
			runOnlyForDeploymentPostprocessing = 0;
		};
		S20001 /* Sources */ = {
			isa = PBXSourcesBuildPhase;
			buildActionMask = 2147483647;
			files = (
				AT0001 /* SessionStatusTests.swift in Sources */,
				AT0002 /* TerminalSessionTests.swift in Sources */,
				AT0003 /* EnvironmentTests.swift in Sources */,
				AT0004 /* NotificationSettingsTests.swift in Sources */,
				AT0005 /* PromptButtonTests.swift in Sources */,
				AT0006 /* PersistenceModelsTests.swift in Sources */,
				AT0007 /* PersistenceServiceTests.swift in Sources */,
				AT0008 /* ShellUtilsTests.swift in Sources */,
				AT0009 /* HookManagerTests.swift in Sources */,
				AT0010 /* StringsTests.swift in Sources */,
				AT0011 /* BoardViewModelTests.swift in Sources */,
				AT0012 /* TerminalSessionViewModelTests.swift in Sources */,
				AT0013 /* AppViewModelTests.swift in Sources */,
				AT0014 /* SettingsWindowControllerTests.swift in Sources */,
				AT0015 /* NotificationServiceTests.swift in Sources */,
				AT0016 /* NotificationDelegateTests.swift in Sources */,
				A20001 /* EmptyCellViewSnapshotTests.swift in Sources */,
				A20002 /* SidebarRowViewSnapshotTests.swift in Sources */,
				A20003 /* SidebarViewSnapshotTests.swift in Sources */,
				A20004 /* BoardViewSnapshotTests.swift in Sources */,
				A20005 /* TerminalHeaderViewSnapshotTests.swift in Sources */,
				A20006 /* SettingsWindowViewSnapshotTests.swift in Sources */,
			);
			runOnlyForDeploymentPostprocessing = 0;
		};
/* End PBXSourcesBuildPhase section */

/* Begin PBXTargetDependency section */
		DEP20001 /* PBXTargetDependency */ = {
			isa = PBXTargetDependency;
			target = T10001 /* CodeStation */;
			targetProxy = PROXY20001 /* PBXContainerItemProxy */;
		};
/* End PBXTargetDependency section */

/* Begin XCBuildConfiguration section */
		BC10001 /* Debug */ = {
			isa = XCBuildConfiguration;
			buildSettings = {
				ALWAYS_SEARCH_USER_PATHS = NO;
				ASSETCATALOG_COMPILER_GENERATE_SWIFT_ASSET_SYMBOL_EXTENSIONS = YES;
				CLANG_ANALYZER_NONNULL = YES;
				CLANG_CXX_LANGUAGE_STANDARD = "gnu++20";
				CLANG_ENABLE_MODULES = YES;
				CLANG_ENABLE_OBJC_ARC = YES;
				COPY_PHASE_STRIP = NO;
				DEBUG_INFORMATION_FORMAT = dwarf;
				ENABLE_STRICT_OBJC_MSGSEND = YES;
				ENABLE_TESTABILITY = YES;
				ENABLE_USER_SCRIPT_SANDBOXING = YES;
				GCC_DYNAMIC_NO_PIC = NO;
				GCC_OPTIMIZATION_LEVEL = 0;
				GCC_WARN_ABOUT_RETURN_TYPE = YES_ERROR;
				GCC_WARN_UNINITIALIZED_AUTOS = YES_AGGRESSIVE;
				MACOSX_DEPLOYMENT_TARGET = 14.0;
				MTL_ENABLE_DEBUG_INFO = INCLUDE_SOURCE;
				ONLY_ACTIVE_ARCH = YES;
				SDKROOT = macosx;
				SWIFT_ACTIVE_COMPILATION_CONDITIONS = "DEBUG $(inherited)";
				SWIFT_OPTIMIZATION_LEVEL = "-Onone";
			};
			name = Debug;
		};
		BC10002 /* Release */ = {
			isa = XCBuildConfiguration;
			buildSettings = {
				ALWAYS_SEARCH_USER_PATHS = NO;
				ASSETCATALOG_COMPILER_GENERATE_SWIFT_ASSET_SYMBOL_EXTENSIONS = YES;
				CLANG_ANALYZER_NONNULL = YES;
				CLANG_CXX_LANGUAGE_STANDARD = "gnu++20";
				CLANG_ENABLE_MODULES = YES;
				CLANG_ENABLE_OBJC_ARC = YES;
				COPY_PHASE_STRIP = NO;
				DEBUG_INFORMATION_FORMAT = "dwarf-with-dsym";
				ENABLE_NS_ASSERTIONS = NO;
				ENABLE_STRICT_OBJC_MSGSEND = YES;
				ENABLE_USER_SCRIPT_SANDBOXING = YES;
				GCC_WARN_ABOUT_RETURN_TYPE = YES_ERROR;
				GCC_WARN_UNINITIALIZED_AUTOS = YES_AGGRESSIVE;
				MACOSX_DEPLOYMENT_TARGET = 14.0;
				SDKROOT = macosx;
				SWIFT_COMPILATION_MODE = wholemodule;
			};
			name = Release;
		};
		BC10003 /* Debug */ = {
			isa = XCBuildConfiguration;
			buildSettings = {
				ASSETCATALOG_COMPILER_APPICON_NAME = AppIcon;
				ASSETCATALOG_COMPILER_GLOBAL_ACCENT_COLOR_NAME = AccentColor;
				CODE_SIGN_ENTITLEMENTS = CodeStation/CodeStation.entitlements;
				CODE_SIGN_STYLE = Automatic;
				COMBINE_HIDPI_IMAGES = YES;
				CURRENT_PROJECT_VERSION = 1;
				DEVELOPMENT_ASSET_PATHS = "";
				ENABLE_APP_SANDBOX = NO;
				ENABLE_HARDENED_RUNTIME = YES;
				GENERATE_INFOPLIST_FILE = YES;
				INFOPLIST_KEY_LSApplicationCategoryType = "public.app-category.developer-tools";
				INFOPLIST_KEY_NSDesktopFolderUsageDescription = "CodeStation needs access to open terminals in your Desktop folder.";
				INFOPLIST_KEY_NSDocumentsFolderUsageDescription = "CodeStation needs access to open terminals in your Documents folder.";
				INFOPLIST_KEY_NSDownloadsFolderUsageDescription = "CodeStation needs access to open terminals in your Downloads folder.";
				INFOPLIST_KEY_NSHumanReadableCopyright = "";
				LD_RUNPATH_SEARCH_PATHS = (
					"$(inherited)",
					"@executable_path/../Frameworks",
				);
				MARKETING_VERSION = 1.0;
				PRODUCT_BUNDLE_IDENTIFIER = com.codestation.app;
				PRODUCT_NAME = "$(TARGET_NAME)";
				SWIFT_EMIT_LOC_STRINGS = YES;
				SWIFT_VERSION = 5.9;
			};
			name = Debug;
		};
		BC10004 /* Release */ = {
			isa = XCBuildConfiguration;
			buildSettings = {
				ASSETCATALOG_COMPILER_APPICON_NAME = AppIcon;
				ASSETCATALOG_COMPILER_GLOBAL_ACCENT_COLOR_NAME = AccentColor;
				CODE_SIGN_ENTITLEMENTS = CodeStation/CodeStation.entitlements;
				CODE_SIGN_STYLE = Automatic;
				COMBINE_HIDPI_IMAGES = YES;
				CURRENT_PROJECT_VERSION = 1;
				DEVELOPMENT_ASSET_PATHS = "";
				ENABLE_APP_SANDBOX = NO;
				ENABLE_HARDENED_RUNTIME = YES;
				GENERATE_INFOPLIST_FILE = YES;
				INFOPLIST_KEY_LSApplicationCategoryType = "public.app-category.developer-tools";
				INFOPLIST_KEY_NSDesktopFolderUsageDescription = "CodeStation needs access to open terminals in your Desktop folder.";
				INFOPLIST_KEY_NSDocumentsFolderUsageDescription = "CodeStation needs access to open terminals in your Documents folder.";
				INFOPLIST_KEY_NSDownloadsFolderUsageDescription = "CodeStation needs access to open terminals in your Downloads folder.";
				INFOPLIST_KEY_NSHumanReadableCopyright = "";
				LD_RUNPATH_SEARCH_PATHS = (
					"$(inherited)",
					"@executable_path/../Frameworks",
				);
				MARKETING_VERSION = 1.0;
				PRODUCT_BUNDLE_IDENTIFIER = com.codestation.app;
				PRODUCT_NAME = "$(TARGET_NAME)";
				SWIFT_EMIT_LOC_STRINGS = YES;
				SWIFT_VERSION = 5.9;
			};
			name = Release;
		};
		BC20001 /* Debug */ = {
			isa = XCBuildConfiguration;
			buildSettings = {
				BUNDLE_LOADER = "$(TEST_HOST)";
				CODE_SIGN_STYLE = Automatic;
				CURRENT_PROJECT_VERSION = 1;
				GENERATE_INFOPLIST_FILE = YES;
				MACOSX_DEPLOYMENT_TARGET = 14.0;
				MARKETING_VERSION = 1.0;
				PRODUCT_BUNDLE_IDENTIFIER = com.codestation.tests;
				PRODUCT_NAME = "$(TARGET_NAME)";
				SWIFT_EMIT_LOC_STRINGS = NO;
				SWIFT_VERSION = 5.9;
				TEST_HOST = "$(BUILT_PRODUCTS_DIR)/CodeStation.app/Contents/MacOS/CodeStation";
			};
			name = Debug;
		};
		BC20002 /* Release */ = {
			isa = XCBuildConfiguration;
			buildSettings = {
				BUNDLE_LOADER = "$(TEST_HOST)";
				CODE_SIGN_STYLE = Automatic;
				CURRENT_PROJECT_VERSION = 1;
				GENERATE_INFOPLIST_FILE = YES;
				MACOSX_DEPLOYMENT_TARGET = 14.0;
				MARKETING_VERSION = 1.0;
				PRODUCT_BUNDLE_IDENTIFIER = com.codestation.tests;
				PRODUCT_NAME = "$(TARGET_NAME)";
				SWIFT_EMIT_LOC_STRINGS = NO;
				SWIFT_VERSION = 5.9;
				TEST_HOST = "$(BUILT_PRODUCTS_DIR)/CodeStation.app/Contents/MacOS/CodeStation";
			};
			name = Release;
		};
/* End XCBuildConfiguration section */

/* Begin XCConfigurationList section */
		L10001 /* Build configuration list for PBXProject "CodeStation" */ = {
			isa = XCConfigurationList;
			buildConfigurations = (
				BC10001 /* Debug */,
				BC10002 /* Release */,
			);
			defaultConfigurationIsVisible = 0;
			defaultConfigurationName = Release;
		};
		L10002 /* Build configuration list for PBXNativeTarget "CodeStation" */ = {
			isa = XCConfigurationList;
			buildConfigurations = (
				BC10003 /* Debug */,
				BC10004 /* Release */,
			);
			defaultConfigurationIsVisible = 0;
			defaultConfigurationName = Release;
		};
		L20001 /* Build configuration list for PBXNativeTarget "CodeStationTests" */ = {
			isa = XCConfigurationList;
			buildConfigurations = (
				BC20001 /* Debug */,
				BC20002 /* Release */,
			);
			defaultConfigurationIsVisible = 0;
			defaultConfigurationName = Release;
		};
/* End XCConfigurationList section */

/* Begin XCRemoteSwiftPackageReference section */
		PKG10001 /* XCRemoteSwiftPackageReference "SwiftTerm" */ = {
			isa = XCRemoteSwiftPackageReference;
			repositoryURL = "https://github.com/migueldeicaza/SwiftTerm.git";
			requirement = {
				kind = upToNextMajorVersion;
				minimumVersion = 1.0.0;
			};
		};
		PKG20001 /* XCRemoteSwiftPackageReference "swift-snapshot-testing" */ = {
			isa = XCRemoteSwiftPackageReference;
			repositoryURL = "https://github.com/pointfreeco/swift-snapshot-testing.git";
			requirement = {
				kind = upToNextMajorVersion;
				minimumVersion = 1.0.0;
			};
		};
/* End XCRemoteSwiftPackageReference section */

/* Begin XCSwiftPackageProductDependency section */
		D10001 /* SwiftTerm */ = {
			isa = XCSwiftPackageProductDependency;
			package = PKG10001 /* XCRemoteSwiftPackageReference "SwiftTerm" */;
			productName = SwiftTerm;
		};
		D20001 /* SnapshotTesting */ = {
			isa = XCSwiftPackageProductDependency;
			package = PKG20001 /* XCRemoteSwiftPackageReference "swift-snapshot-testing" */;
			productName = SnapshotTesting;
		};
/* End XCSwiftPackageProductDependency section */
	};
	rootObject = P10001 /* Project object */;
}
